
Microsoft Visual Studio Solution File, Format Version 12.00
# Visual Studio Version 17
VisualStudioVersion = 17.6.33815.320
MinimumVisualStudioVersion = 10.0.40219.1
Project("{FAE04EC0-301F-11D3-BF4B-00C04F79EFBC}") = "study-base", "study-base\study-base.csproj", "{33C8BE3A-724A-43B6-8F51-0C1D38716B29}"
EndProject
Global
	GlobalSection(SolutionConfigurationPlatforms) = preSolution
		Debug|Any CPU = Debug|Any CPU
		Release|Any CPU = Release|Any CPU
	EndGlobalSection
	GlobalSection(ProjectConfigurationPlatforms) = postSolution
		{33C8BE3A-724A-43B6-8F51-0C1D38716B29}.Debug|Any CPU.ActiveCfg = Debug|Any CPU
		{33C8BE3A-724A-43B6-8F51-0C1D38716B29}.Debug|Any CPU.Build.0 = Debug|Any CPU
		{33C8BE3A-724A-43B6-8F51-0C1D38716B29}.Release|Any CPU.ActiveCfg = Release|Any CPU
		{33C8BE3A-724A-43B6-8F51-0C1D38716B29}.Release|Any CPU.Build.0 = Release|Any CPU
	EndGlobalSection
	GlobalSection(SolutionProperties) = preSolution
		HideSolutionNode = FALSE
	EndGlobalSection
	GlobalSection(ExtensibilityGlobals) = postSolution
		SolutionGuid = {9CF26400-7AD4-41D9-8164-00BDA3880E03}
	EndGlobalSection
EndGlobal
